
Microsoft Visual Studio Solution File, Format Version 12.00
# Visual Studio 15
VisualStudioVersion = 15.0.26430.16
MinimumVisualStudioVersion = 10.0.40219.1
Project("{FAE04EC0-301F-11D3-BF4B-00C04F79EFBC}") = "BanKRate", "BanKRate\BanKRate.csproj", "{475FF8B6-AD49-4686-AAB9-587E1B8C6303}"
EndProject
Project("{FAE04EC0-301F-11D3-BF4B-00C04F79EFBC}") = "Trains", "Trains\Trains.csproj", "{2DE3DC5C-5CB4-4D6A-822E-C7B150F51804}"
EndProject
Project("{FAE04EC0-301F-11D3-BF4B-00C04F79EFBC}") = "Goats", "Goats\Goats.csproj", "{EE68187D-4638-4838-86E1-3091087AD3FD}"
EndProject
Project("{FAE04EC0-301F-11D3-BF4B-00C04F79EFBC}") = "Mushrooms", "Mushrooms\Mushrooms.csproj", "{5B1105D7-957A-4A44-9318-7569AC9E8928}"
EndProject
Project("{FAE04EC0-301F-11D3-BF4B-00C04F79EFBC}") = "SquarePavement", "SquarePavement\SquarePavement.csproj", "{F8738176-3C8C-45E0-A6CD-9D376CA7999A}"
EndProject
Project("{FAE04EC0-301F-11D3-BF4B-00C04F79EFBC}") = "SportRepetition", "SportRepetition\SportRepetition.csproj", "{C426E189-B104-4679-A2F0-BA051D3184D8}"
EndProject
Project("{FAE04EC0-301F-11D3-BF4B-00C04F79EFBC}") = "Floor", "Floor\Floor.csproj", "{3DAB42BD-AFAC-4392-99B3-E61A1BDAD32F}"
EndProject
Project("{FAE04EC0-301F-11D3-BF4B-00C04F79EFBC}") = "ArchaeologicalSite", "ArchaeologicalSite\ArchaeologicalSite.csproj", "{7FF7BC80-8E49-40E6-9262-37B39F140583}"
EndProject
Project("{FAE04EC0-301F-11D3-BF4B-00C04F79EFBC}") = "TaxiFare", "TaxiFare\TaxiFare.csproj", "{D5BC347B-135F-4463-B333-5777555BDD88}"
EndProject
Project("{FAE04EC0-301F-11D3-BF4B-00C04F79EFBC}") = "Melon", "Melon\Melon.csproj", "{B6E4067A-A09B-426A-8AD1-B9B6B7A6EA7E}"
EndProject
Project("{FAE04EC0-301F-11D3-BF4B-00C04F79EFBC}") = "FarmersLand", "FarmersLand\FarmersLand.csproj", "{216EEB25-B721-45FC-9BDE-EDC298FDE2FD}"
EndProject
Project("{FAE04EC0-301F-11D3-BF4B-00C04F79EFBC}") = "FizzBuzz", "FizzBuzz\FizzBuzz.csproj", "{45EBDDE9-1770-4728-AAF9-4BCADB8FE71A}"
EndProject
Project("{FAE04EC0-301F-11D3-BF4B-00C04F79EFBC}") = "RentPayments", "RentPayments\RentPayments.csproj", "{CFF82167-05F8-47B1-ABE4-5399EFF687F5}"
EndProject
Project("{FAE04EC0-301F-11D3-BF4B-00C04F79EFBC}") = "RomanNumbers", "RomanNumbers\RomanNumbers.csproj", "{3D429E04-755D-45D9-946E-653CF48A4D4F}"
EndProject
Project("{FAE04EC0-301F-11D3-BF4B-00C04F79EFBC}") = "ChessBoard", "ChessBoard\ChessBoard.csproj", "{69670883-2888-4A80-ADDB-6EDAFEC25116}"
EndProject
Project("{FAE04EC0-301F-11D3-BF4B-00C04F79EFBC}") = "Prefix", "Prefix\Prefix.csproj", "{0399E849-C598-4F40-A1C8-B09CEC753668}"
EndProject
Project("{FAE04EC0-301F-11D3-BF4B-00C04F79EFBC}") = "Panagram", "Panagram\Panagram.csproj", "{C7990B4C-9FAA-4F93-94E2-5EF292E96266}"
EndProject
Global
	GlobalSection(SolutionConfigurationPlatforms) = preSolution
		Debug|Any CPU = Debug|Any CPU
		Debug|ARM = Debug|ARM
		Debug|x64 = Debug|x64
		Debug|x86 = Debug|x86
		Release|Any CPU = Release|Any CPU
		Release|ARM = Release|ARM
		Release|x64 = Release|x64
		Release|x86 = Release|x86
	EndGlobalSection
	GlobalSection(ProjectConfigurationPlatforms) = postSolution
		{475FF8B6-AD49-4686-AAB9-587E1B8C6303}.Debug|Any CPU.ActiveCfg = Debug|x86
		{475FF8B6-AD49-4686-AAB9-587E1B8C6303}.Debug|ARM.ActiveCfg = Debug|ARM
		{475FF8B6-AD49-4686-AAB9-587E1B8C6303}.Debug|ARM.Build.0 = Debug|ARM
		{475FF8B6-AD49-4686-AAB9-587E1B8C6303}.Debug|ARM.Deploy.0 = Debug|ARM
		{475FF8B6-AD49-4686-AAB9-587E1B8C6303}.Debug|x64.ActiveCfg = Debug|x64
		{475FF8B6-AD49-4686-AAB9-587E1B8C6303}.Debug|x64.Build.0 = Debug|x64
		{475FF8B6-AD49-4686-AAB9-587E1B8C6303}.Debug|x64.Deploy.0 = Debug|x64
		{475FF8B6-AD49-4686-AAB9-587E1B8C6303}.Debug|x86.ActiveCfg = Debug|x86
		{475FF8B6-AD49-4686-AAB9-587E1B8C6303}.Debug|x86.Build.0 = Debug|x86
		{475FF8B6-AD49-4686-AAB9-587E1B8C6303}.Debug|x86.Deploy.0 = Debug|x86
		{475FF8B6-AD49-4686-AAB9-587E1B8C6303}.Release|Any CPU.ActiveCfg = Release|x86
		{475FF8B6-AD49-4686-AAB9-587E1B8C6303}.Release|ARM.ActiveCfg = Release|ARM
		{475FF8B6-AD49-4686-AAB9-587E1B8C6303}.Release|ARM.Build.0 = Release|ARM
		{475FF8B6-AD49-4686-AAB9-587E1B8C6303}.Release|ARM.Deploy.0 = Release|ARM
		{475FF8B6-AD49-4686-AAB9-587E1B8C6303}.Release|x64.ActiveCfg = Release|x64
		{475FF8B6-AD49-4686-AAB9-587E1B8C6303}.Release|x64.Build.0 = Release|x64
		{475FF8B6-AD49-4686-AAB9-587E1B8C6303}.Release|x64.Deploy.0 = Release|x64
		{475FF8B6-AD49-4686-AAB9-587E1B8C6303}.Release|x86.ActiveCfg = Release|x86
		{475FF8B6-AD49-4686-AAB9-587E1B8C6303}.Release|x86.Build.0 = Release|x86
		{475FF8B6-AD49-4686-AAB9-587E1B8C6303}.Release|x86.Deploy.0 = Release|x86
		{2DE3DC5C-5CB4-4D6A-822E-C7B150F51804}.Debug|Any CPU.ActiveCfg = Debug|x86
		{2DE3DC5C-5CB4-4D6A-822E-C7B150F51804}.Debug|ARM.ActiveCfg = Debug|ARM
		{2DE3DC5C-5CB4-4D6A-822E-C7B150F51804}.Debug|ARM.Build.0 = Debug|ARM
		{2DE3DC5C-5CB4-4D6A-822E-C7B150F51804}.Debug|ARM.Deploy.0 = Debug|ARM
		{2DE3DC5C-5CB4-4D6A-822E-C7B150F51804}.Debug|x64.ActiveCfg = Debug|x64
		{2DE3DC5C-5CB4-4D6A-822E-C7B150F51804}.Debug|x64.Build.0 = Debug|x64
		{2DE3DC5C-5CB4-4D6A-822E-C7B150F51804}.Debug|x64.Deploy.0 = Debug|x64
		{2DE3DC5C-5CB4-4D6A-822E-C7B150F51804}.Debug|x86.ActiveCfg = Debug|x86
		{2DE3DC5C-5CB4-4D6A-822E-C7B150F51804}.Debug|x86.Build.0 = Debug|x86
		{2DE3DC5C-5CB4-4D6A-822E-C7B150F51804}.Debug|x86.Deploy.0 = Debug|x86
		{2DE3DC5C-5CB4-4D6A-822E-C7B150F51804}.Release|Any CPU.ActiveCfg = Release|x86
		{2DE3DC5C-5CB4-4D6A-822E-C7B150F51804}.Release|ARM.ActiveCfg = Release|ARM
		{2DE3DC5C-5CB4-4D6A-822E-C7B150F51804}.Release|ARM.Build.0 = Release|ARM
		{2DE3DC5C-5CB4-4D6A-822E-C7B150F51804}.Release|ARM.Deploy.0 = Release|ARM
		{2DE3DC5C-5CB4-4D6A-822E-C7B150F51804}.Release|x64.ActiveCfg = Release|x64
		{2DE3DC5C-5CB4-4D6A-822E-C7B150F51804}.Release|x64.Build.0 = Release|x64
		{2DE3DC5C-5CB4-4D6A-822E-C7B150F51804}.Release|x64.Deploy.0 = Release|x64
		{2DE3DC5C-5CB4-4D6A-822E-C7B150F51804}.Release|x86.ActiveCfg = Release|x86
		{2DE3DC5C-5CB4-4D6A-822E-C7B150F51804}.Release|x86.Build.0 = Release|x86
		{2DE3DC5C-5CB4-4D6A-822E-C7B150F51804}.Release|x86.Deploy.0 = Release|x86
		{EE68187D-4638-4838-86E1-3091087AD3FD}.Debug|Any CPU.ActiveCfg = Debug|x86
		{EE68187D-4638-4838-86E1-3091087AD3FD}.Debug|ARM.ActiveCfg = Debug|ARM
		{EE68187D-4638-4838-86E1-3091087AD3FD}.Debug|ARM.Build.0 = Debug|ARM
		{EE68187D-4638-4838-86E1-3091087AD3FD}.Debug|ARM.Deploy.0 = Debug|ARM
		{EE68187D-4638-4838-86E1-3091087AD3FD}.Debug|x64.ActiveCfg = Debug|x64
		{EE68187D-4638-4838-86E1-3091087AD3FD}.Debug|x64.Build.0 = Debug|x64
		{EE68187D-4638-4838-86E1-3091087AD3FD}.Debug|x64.Deploy.0 = Debug|x64
		{EE68187D-4638-4838-86E1-3091087AD3FD}.Debug|x86.ActiveCfg = Debug|x86
		{EE68187D-4638-4838-86E1-3091087AD3FD}.Debug|x86.Build.0 = Debug|x86
		{EE68187D-4638-4838-86E1-3091087AD3FD}.Debug|x86.Deploy.0 = Debug|x86
		{EE68187D-4638-4838-86E1-3091087AD3FD}.Release|Any CPU.ActiveCfg = Release|x86
		{EE68187D-4638-4838-86E1-3091087AD3FD}.Release|ARM.ActiveCfg = Release|ARM
		{EE68187D-4638-4838-86E1-3091087AD3FD}.Release|ARM.Build.0 = Release|ARM
		{EE68187D-4638-4838-86E1-3091087AD3FD}.Release|ARM.Deploy.0 = Release|ARM
		{EE68187D-4638-4838-86E1-3091087AD3FD}.Release|x64.ActiveCfg = Release|x64
		{EE68187D-4638-4838-86E1-3091087AD3FD}.Release|x64.Build.0 = Release|x64
		{EE68187D-4638-4838-86E1-3091087AD3FD}.Release|x64.Deploy.0 = Release|x64
		{EE68187D-4638-4838-86E1-3091087AD3FD}.Release|x86.ActiveCfg = Release|x86
		{EE68187D-4638-4838-86E1-3091087AD3FD}.Release|x86.Build.0 = Release|x86
		{EE68187D-4638-4838-86E1-3091087AD3FD}.Release|x86.Deploy.0 = Release|x86
		{5B1105D7-957A-4A44-9318-7569AC9E8928}.Debug|Any CPU.ActiveCfg = Debug|x86
		{5B1105D7-957A-4A44-9318-7569AC9E8928}.Debug|ARM.ActiveCfg = Debug|ARM
		{5B1105D7-957A-4A44-9318-7569AC9E8928}.Debug|ARM.Build.0 = Debug|ARM
		{5B1105D7-957A-4A44-9318-7569AC9E8928}.Debug|ARM.Deploy.0 = Debug|ARM
		{5B1105D7-957A-4A44-9318-7569AC9E8928}.Debug|x64.ActiveCfg = Debug|x64
		{5B1105D7-957A-4A44-9318-7569AC9E8928}.Debug|x64.Build.0 = Debug|x64
		{5B1105D7-957A-4A44-9318-7569AC9E8928}.Debug|x64.Deploy.0 = Debug|x64
		{5B1105D7-957A-4A44-9318-7569AC9E8928}.Debug|x86.ActiveCfg = Debug|x86
		{5B1105D7-957A-4A44-9318-7569AC9E8928}.Debug|x86.Build.0 = Debug|x86
		{5B1105D7-957A-4A44-9318-7569AC9E8928}.Debug|x86.Deploy.0 = Debug|x86
		{5B1105D7-957A-4A44-9318-7569AC9E8928}.Release|Any CPU.ActiveCfg = Release|x86
		{5B1105D7-957A-4A44-9318-7569AC9E8928}.Release|ARM.ActiveCfg = Release|ARM
		{5B1105D7-957A-4A44-9318-7569AC9E8928}.Release|ARM.Build.0 = Release|ARM
		{5B1105D7-957A-4A44-9318-7569AC9E8928}.Release|ARM.Deploy.0 = Release|ARM
		{5B1105D7-957A-4A44-9318-7569AC9E8928}.Release|x64.ActiveCfg = Release|x64
		{5B1105D7-957A-4A44-9318-7569AC9E8928}.Release|x64.Build.0 = Release|x64
		{5B1105D7-957A-4A44-9318-7569AC9E8928}.Release|x64.Deploy.0 = Release|x64
		{5B1105D7-957A-4A44-9318-7569AC9E8928}.Release|x86.ActiveCfg = Release|x86
		{5B1105D7-957A-4A44-9318-7569AC9E8928}.Release|x86.Build.0 = Release|x86
		{5B1105D7-957A-4A44-9318-7569AC9E8928}.Release|x86.Deploy.0 = Release|x86
		{F8738176-3C8C-45E0-A6CD-9D376CA7999A}.Debug|Any CPU.ActiveCfg = Debug|x86
		{F8738176-3C8C-45E0-A6CD-9D376CA7999A}.Debug|ARM.ActiveCfg = Debug|ARM
		{F8738176-3C8C-45E0-A6CD-9D376CA7999A}.Debug|ARM.Build.0 = Debug|ARM
		{F8738176-3C8C-45E0-A6CD-9D376CA7999A}.Debug|ARM.Deploy.0 = Debug|ARM
		{F8738176-3C8C-45E0-A6CD-9D376CA7999A}.Debug|x64.ActiveCfg = Debug|x64
		{F8738176-3C8C-45E0-A6CD-9D376CA7999A}.Debug|x64.Build.0 = Debug|x64
		{F8738176-3C8C-45E0-A6CD-9D376CA7999A}.Debug|x64.Deploy.0 = Debug|x64
		{F8738176-3C8C-45E0-A6CD-9D376CA7999A}.Debug|x86.ActiveCfg = Debug|x86
		{F8738176-3C8C-45E0-A6CD-9D376CA7999A}.Debug|x86.Build.0 = Debug|x86
		{F8738176-3C8C-45E0-A6CD-9D376CA7999A}.Debug|x86.Deploy.0 = Debug|x86
		{F8738176-3C8C-45E0-A6CD-9D376CA7999A}.Release|Any CPU.ActiveCfg = Release|x86
		{F8738176-3C8C-45E0-A6CD-9D376CA7999A}.Release|ARM.ActiveCfg = Release|ARM
		{F8738176-3C8C-45E0-A6CD-9D376CA7999A}.Release|ARM.Build.0 = Release|ARM
		{F8738176-3C8C-45E0-A6CD-9D376CA7999A}.Release|ARM.Deploy.0 = Release|ARM
		{F8738176-3C8C-45E0-A6CD-9D376CA7999A}.Release|x64.ActiveCfg = Release|x64
		{F8738176-3C8C-45E0-A6CD-9D376CA7999A}.Release|x64.Build.0 = Release|x64
		{F8738176-3C8C-45E0-A6CD-9D376CA7999A}.Release|x64.Deploy.0 = Release|x64
		{F8738176-3C8C-45E0-A6CD-9D376CA7999A}.Release|x86.ActiveCfg = Release|x86
		{F8738176-3C8C-45E0-A6CD-9D376CA7999A}.Release|x86.Build.0 = Release|x86
		{F8738176-3C8C-45E0-A6CD-9D376CA7999A}.Release|x86.Deploy.0 = Release|x86
		{C426E189-B104-4679-A2F0-BA051D3184D8}.Debug|Any CPU.ActiveCfg = Debug|x86
		{C426E189-B104-4679-A2F0-BA051D3184D8}.Debug|ARM.ActiveCfg = Debug|ARM
		{C426E189-B104-4679-A2F0-BA051D3184D8}.Debug|ARM.Build.0 = Debug|ARM
		{C426E189-B104-4679-A2F0-BA051D3184D8}.Debug|ARM.Deploy.0 = Debug|ARM
		{C426E189-B104-4679-A2F0-BA051D3184D8}.Debug|x64.ActiveCfg = Debug|x64
		{C426E189-B104-4679-A2F0-BA051D3184D8}.Debug|x64.Build.0 = Debug|x64
		{C426E189-B104-4679-A2F0-BA051D3184D8}.Debug|x64.Deploy.0 = Debug|x64
		{C426E189-B104-4679-A2F0-BA051D3184D8}.Debug|x86.ActiveCfg = Debug|x86
		{C426E189-B104-4679-A2F0-BA051D3184D8}.Debug|x86.Build.0 = Debug|x86
		{C426E189-B104-4679-A2F0-BA051D3184D8}.Debug|x86.Deploy.0 = Debug|x86
		{C426E189-B104-4679-A2F0-BA051D3184D8}.Release|Any CPU.ActiveCfg = Release|x86
		{C426E189-B104-4679-A2F0-BA051D3184D8}.Release|ARM.ActiveCfg = Release|ARM
		{C426E189-B104-4679-A2F0-BA051D3184D8}.Release|ARM.Build.0 = Release|ARM
		{C426E189-B104-4679-A2F0-BA051D3184D8}.Release|ARM.Deploy.0 = Release|ARM
		{C426E189-B104-4679-A2F0-BA051D3184D8}.Release|x64.ActiveCfg = Release|x64
		{C426E189-B104-4679-A2F0-BA051D3184D8}.Release|x64.Build.0 = Release|x64
		{C426E189-B104-4679-A2F0-BA051D3184D8}.Release|x64.Deploy.0 = Release|x64
		{C426E189-B104-4679-A2F0-BA051D3184D8}.Release|x86.ActiveCfg = Release|x86
		{C426E189-B104-4679-A2F0-BA051D3184D8}.Release|x86.Build.0 = Release|x86
		{C426E189-B104-4679-A2F0-BA051D3184D8}.Release|x86.Deploy.0 = Release|x86
		{3DAB42BD-AFAC-4392-99B3-E61A1BDAD32F}.Debug|Any CPU.ActiveCfg = Debug|x86
		{3DAB42BD-AFAC-4392-99B3-E61A1BDAD32F}.Debug|ARM.ActiveCfg = Debug|ARM
		{3DAB42BD-AFAC-4392-99B3-E61A1BDAD32F}.Debug|ARM.Build.0 = Debug|ARM
		{3DAB42BD-AFAC-4392-99B3-E61A1BDAD32F}.Debug|ARM.Deploy.0 = Debug|ARM
		{3DAB42BD-AFAC-4392-99B3-E61A1BDAD32F}.Debug|x64.ActiveCfg = Debug|x64
		{3DAB42BD-AFAC-4392-99B3-E61A1BDAD32F}.Debug|x64.Build.0 = Debug|x64
		{3DAB42BD-AFAC-4392-99B3-E61A1BDAD32F}.Debug|x64.Deploy.0 = Debug|x64
		{3DAB42BD-AFAC-4392-99B3-E61A1BDAD32F}.Debug|x86.ActiveCfg = Debug|x86
		{3DAB42BD-AFAC-4392-99B3-E61A1BDAD32F}.Debug|x86.Build.0 = Debug|x86
		{3DAB42BD-AFAC-4392-99B3-E61A1BDAD32F}.Debug|x86.Deploy.0 = Debug|x86
		{3DAB42BD-AFAC-4392-99B3-E61A1BDAD32F}.Release|Any CPU.ActiveCfg = Release|x86
		{3DAB42BD-AFAC-4392-99B3-E61A1BDAD32F}.Release|ARM.ActiveCfg = Release|ARM
		{3DAB42BD-AFAC-4392-99B3-E61A1BDAD32F}.Release|ARM.Build.0 = Release|ARM
		{3DAB42BD-AFAC-4392-99B3-E61A1BDAD32F}.Release|ARM.Deploy.0 = Release|ARM
		{3DAB42BD-AFAC-4392-99B3-E61A1BDAD32F}.Release|x64.ActiveCfg = Release|x64
		{3DAB42BD-AFAC-4392-99B3-E61A1BDAD32F}.Release|x64.Build.0 = Release|x64
		{3DAB42BD-AFAC-4392-99B3-E61A1BDAD32F}.Release|x64.Deploy.0 = Release|x64
		{3DAB42BD-AFAC-4392-99B3-E61A1BDAD32F}.Release|x86.ActiveCfg = Release|x86
		{3DAB42BD-AFAC-4392-99B3-E61A1BDAD32F}.Release|x86.Build.0 = Release|x86
		{3DAB42BD-AFAC-4392-99B3-E61A1BDAD32F}.Release|x86.Deploy.0 = Release|x86
		{7FF7BC80-8E49-40E6-9262-37B39F140583}.Debug|Any CPU.ActiveCfg = Debug|x86
		{7FF7BC80-8E49-40E6-9262-37B39F140583}.Debug|ARM.ActiveCfg = Debug|ARM
		{7FF7BC80-8E49-40E6-9262-37B39F140583}.Debug|ARM.Build.0 = Debug|ARM
		{7FF7BC80-8E49-40E6-9262-37B39F140583}.Debug|ARM.Deploy.0 = Debug|ARM
		{7FF7BC80-8E49-40E6-9262-37B39F140583}.Debug|x64.ActiveCfg = Debug|x64
		{7FF7BC80-8E49-40E6-9262-37B39F140583}.Debug|x64.Build.0 = Debug|x64
		{7FF7BC80-8E49-40E6-9262-37B39F140583}.Debug|x64.Deploy.0 = Debug|x64
		{7FF7BC80-8E49-40E6-9262-37B39F140583}.Debug|x86.ActiveCfg = Debug|x86
		{7FF7BC80-8E49-40E6-9262-37B39F140583}.Debug|x86.Build.0 = Debug|x86
		{7FF7BC80-8E49-40E6-9262-37B39F140583}.Debug|x86.Deploy.0 = Debug|x86
		{7FF7BC80-8E49-40E6-9262-37B39F140583}.Release|Any CPU.ActiveCfg = Release|x86
		{7FF7BC80-8E49-40E6-9262-37B39F140583}.Release|ARM.ActiveCfg = Release|ARM
		{7FF7BC80-8E49-40E6-9262-37B39F140583}.Release|ARM.Build.0 = Release|ARM
		{7FF7BC80-8E49-40E6-9262-37B39F140583}.Release|ARM.Deploy.0 = Release|ARM
		{7FF7BC80-8E49-40E6-9262-37B39F140583}.Release|x64.ActiveCfg = Release|x64
		{7FF7BC80-8E49-40E6-9262-37B39F140583}.Release|x64.Build.0 = Release|x64
		{7FF7BC80-8E49-40E6-9262-37B39F140583}.Release|x64.Deploy.0 = Release|x64
		{7FF7BC80-8E49-40E6-9262-37B39F140583}.Release|x86.ActiveCfg = Release|x86
		{7FF7BC80-8E49-40E6-9262-37B39F140583}.Release|x86.Build.0 = Release|x86
		{7FF7BC80-8E49-40E6-9262-37B39F140583}.Release|x86.Deploy.0 = Release|x86
		{D5BC347B-135F-4463-B333-5777555BDD88}.Debug|Any CPU.ActiveCfg = Debug|x86
		{D5BC347B-135F-4463-B333-5777555BDD88}.Debug|ARM.ActiveCfg = Debug|ARM
		{D5BC347B-135F-4463-B333-5777555BDD88}.Debug|ARM.Build.0 = Debug|ARM
		{D5BC347B-135F-4463-B333-5777555BDD88}.Debug|ARM.Deploy.0 = Debug|ARM
		{D5BC347B-135F-4463-B333-5777555BDD88}.Debug|x64.ActiveCfg = Debug|x64
		{D5BC347B-135F-4463-B333-5777555BDD88}.Debug|x64.Build.0 = Debug|x64
		{D5BC347B-135F-4463-B333-5777555BDD88}.Debug|x64.Deploy.0 = Debug|x64
		{D5BC347B-135F-4463-B333-5777555BDD88}.Debug|x86.ActiveCfg = Debug|x86
		{D5BC347B-135F-4463-B333-5777555BDD88}.Debug|x86.Build.0 = Debug|x86
		{D5BC347B-135F-4463-B333-5777555BDD88}.Debug|x86.Deploy.0 = Debug|x86
		{D5BC347B-135F-4463-B333-5777555BDD88}.Release|Any CPU.ActiveCfg = Release|x86
		{D5BC347B-135F-4463-B333-5777555BDD88}.Release|ARM.ActiveCfg = Release|ARM
		{D5BC347B-135F-4463-B333-5777555BDD88}.Release|ARM.Build.0 = Release|ARM
		{D5BC347B-135F-4463-B333-5777555BDD88}.Release|ARM.Deploy.0 = Release|ARM
		{D5BC347B-135F-4463-B333-5777555BDD88}.Release|x64.ActiveCfg = Release|x64
		{D5BC347B-135F-4463-B333-5777555BDD88}.Release|x64.Build.0 = Release|x64
		{D5BC347B-135F-4463-B333-5777555BDD88}.Release|x64.Deploy.0 = Release|x64
		{D5BC347B-135F-4463-B333-5777555BDD88}.Release|x86.ActiveCfg = Release|x86
		{D5BC347B-135F-4463-B333-5777555BDD88}.Release|x86.Build.0 = Release|x86
		{D5BC347B-135F-4463-B333-5777555BDD88}.Release|x86.Deploy.0 = Release|x86
		{B6E4067A-A09B-426A-8AD1-B9B6B7A6EA7E}.Debug|Any CPU.ActiveCfg = Debug|x86
		{B6E4067A-A09B-426A-8AD1-B9B6B7A6EA7E}.Debug|ARM.ActiveCfg = Debug|ARM
		{B6E4067A-A09B-426A-8AD1-B9B6B7A6EA7E}.Debug|ARM.Build.0 = Debug|ARM
		{B6E4067A-A09B-426A-8AD1-B9B6B7A6EA7E}.Debug|ARM.Deploy.0 = Debug|ARM
		{B6E4067A-A09B-426A-8AD1-B9B6B7A6EA7E}.Debug|x64.ActiveCfg = Debug|x64
		{B6E4067A-A09B-426A-8AD1-B9B6B7A6EA7E}.Debug|x64.Build.0 = Debug|x64
		{B6E4067A-A09B-426A-8AD1-B9B6B7A6EA7E}.Debug|x64.Deploy.0 = Debug|x64
		{B6E4067A-A09B-426A-8AD1-B9B6B7A6EA7E}.Debug|x86.ActiveCfg = Debug|x86
		{B6E4067A-A09B-426A-8AD1-B9B6B7A6EA7E}.Debug|x86.Build.0 = Debug|x86
		{B6E4067A-A09B-426A-8AD1-B9B6B7A6EA7E}.Debug|x86.Deploy.0 = Debug|x86
		{B6E4067A-A09B-426A-8AD1-B9B6B7A6EA7E}.Release|Any CPU.ActiveCfg = Release|x86
		{B6E4067A-A09B-426A-8AD1-B9B6B7A6EA7E}.Release|ARM.ActiveCfg = Release|ARM
		{B6E4067A-A09B-426A-8AD1-B9B6B7A6EA7E}.Release|ARM.Build.0 = Release|ARM
		{B6E4067A-A09B-426A-8AD1-B9B6B7A6EA7E}.Release|ARM.Deploy.0 = Release|ARM
		{B6E4067A-A09B-426A-8AD1-B9B6B7A6EA7E}.Release|x64.ActiveCfg = Release|x64
		{B6E4067A-A09B-426A-8AD1-B9B6B7A6EA7E}.Release|x64.Build.0 = Release|x64
		{B6E4067A-A09B-426A-8AD1-B9B6B7A6EA7E}.Release|x64.Deploy.0 = Release|x64
		{B6E4067A-A09B-426A-8AD1-B9B6B7A6EA7E}.Release|x86.ActiveCfg = Release|x86
		{B6E4067A-A09B-426A-8AD1-B9B6B7A6EA7E}.Release|x86.Build.0 = Release|x86
		{B6E4067A-A09B-426A-8AD1-B9B6B7A6EA7E}.Release|x86.Deploy.0 = Release|x86
		{216EEB25-B721-45FC-9BDE-EDC298FDE2FD}.Debug|Any CPU.ActiveCfg = Debug|x86
		{216EEB25-B721-45FC-9BDE-EDC298FDE2FD}.Debug|ARM.ActiveCfg = Debug|ARM
		{216EEB25-B721-45FC-9BDE-EDC298FDE2FD}.Debug|ARM.Build.0 = Debug|ARM
		{216EEB25-B721-45FC-9BDE-EDC298FDE2FD}.Debug|ARM.Deploy.0 = Debug|ARM
		{216EEB25-B721-45FC-9BDE-EDC298FDE2FD}.Debug|x64.ActiveCfg = Debug|x64
		{216EEB25-B721-45FC-9BDE-EDC298FDE2FD}.Debug|x64.Build.0 = Debug|x64
		{216EEB25-B721-45FC-9BDE-EDC298FDE2FD}.Debug|x64.Deploy.0 = Debug|x64
		{216EEB25-B721-45FC-9BDE-EDC298FDE2FD}.Debug|x86.ActiveCfg = Debug|x86
		{216EEB25-B721-45FC-9BDE-EDC298FDE2FD}.Debug|x86.Build.0 = Debug|x86
		{216EEB25-B721-45FC-9BDE-EDC298FDE2FD}.Debug|x86.Deploy.0 = Debug|x86
		{216EEB25-B721-45FC-9BDE-EDC298FDE2FD}.Release|Any CPU.ActiveCfg = Release|x86
		{216EEB25-B721-45FC-9BDE-EDC298FDE2FD}.Release|ARM.ActiveCfg = Release|ARM
		{216EEB25-B721-45FC-9BDE-EDC298FDE2FD}.Release|ARM.Build.0 = Release|ARM
		{216EEB25-B721-45FC-9BDE-EDC298FDE2FD}.Release|ARM.Deploy.0 = Release|ARM
		{216EEB25-B721-45FC-9BDE-EDC298FDE2FD}.Release|x64.ActiveCfg = Release|x64
		{216EEB25-B721-45FC-9BDE-EDC298FDE2FD}.Release|x64.Build.0 = Release|x64
		{216EEB25-B721-45FC-9BDE-EDC298FDE2FD}.Release|x64.Deploy.0 = Release|x64
		{216EEB25-B721-45FC-9BDE-EDC298FDE2FD}.Release|x86.ActiveCfg = Release|x86
		{216EEB25-B721-45FC-9BDE-EDC298FDE2FD}.Release|x86.Build.0 = Release|x86
		{216EEB25-B721-45FC-9BDE-EDC298FDE2FD}.Release|x86.Deploy.0 = Release|x86
		{45EBDDE9-1770-4728-AAF9-4BCADB8FE71A}.Debug|Any CPU.ActiveCfg = Debug|x86
		{45EBDDE9-1770-4728-AAF9-4BCADB8FE71A}.Debug|ARM.ActiveCfg = Debug|ARM
		{45EBDDE9-1770-4728-AAF9-4BCADB8FE71A}.Debug|ARM.Build.0 = Debug|ARM
		{45EBDDE9-1770-4728-AAF9-4BCADB8FE71A}.Debug|ARM.Deploy.0 = Debug|ARM
		{45EBDDE9-1770-4728-AAF9-4BCADB8FE71A}.Debug|x64.ActiveCfg = Debug|x64
		{45EBDDE9-1770-4728-AAF9-4BCADB8FE71A}.Debug|x64.Build.0 = Debug|x64
		{45EBDDE9-1770-4728-AAF9-4BCADB8FE71A}.Debug|x64.Deploy.0 = Debug|x64
		{45EBDDE9-1770-4728-AAF9-4BCADB8FE71A}.Debug|x86.ActiveCfg = Debug|x86
		{45EBDDE9-1770-4728-AAF9-4BCADB8FE71A}.Debug|x86.Build.0 = Debug|x86
		{45EBDDE9-1770-4728-AAF9-4BCADB8FE71A}.Debug|x86.Deploy.0 = Debug|x86
		{45EBDDE9-1770-4728-AAF9-4BCADB8FE71A}.Release|Any CPU.ActiveCfg = Release|x86
		{45EBDDE9-1770-4728-AAF9-4BCADB8FE71A}.Release|ARM.ActiveCfg = Release|ARM
		{45EBDDE9-1770-4728-AAF9-4BCADB8FE71A}.Release|ARM.Build.0 = Release|ARM
		{45EBDDE9-1770-4728-AAF9-4BCADB8FE71A}.Release|ARM.Deploy.0 = Release|ARM
		{45EBDDE9-1770-4728-AAF9-4BCADB8FE71A}.Release|x64.ActiveCfg = Release|x64
		{45EBDDE9-1770-4728-AAF9-4BCADB8FE71A}.Release|x64.Build.0 = Release|x64
		{45EBDDE9-1770-4728-AAF9-4BCADB8FE71A}.Release|x64.Deploy.0 = Release|x64
		{45EBDDE9-1770-4728-AAF9-4BCADB8FE71A}.Release|x86.ActiveCfg = Release|x86
		{45EBDDE9-1770-4728-AAF9-4BCADB8FE71A}.Release|x86.Build.0 = Release|x86
		{45EBDDE9-1770-4728-AAF9-4BCADB8FE71A}.Release|x86.Deploy.0 = Release|x86
		{CFF82167-05F8-47B1-ABE4-5399EFF687F5}.Debug|Any CPU.ActiveCfg = Debug|x86
		{CFF82167-05F8-47B1-ABE4-5399EFF687F5}.Debug|ARM.ActiveCfg = Debug|ARM
		{CFF82167-05F8-47B1-ABE4-5399EFF687F5}.Debug|ARM.Build.0 = Debug|ARM
		{CFF82167-05F8-47B1-ABE4-5399EFF687F5}.Debug|ARM.Deploy.0 = Debug|ARM
		{CFF82167-05F8-47B1-ABE4-5399EFF687F5}.Debug|x64.ActiveCfg = Debug|x64
		{CFF82167-05F8-47B1-ABE4-5399EFF687F5}.Debug|x64.Build.0 = Debug|x64
		{CFF82167-05F8-47B1-ABE4-5399EFF687F5}.Debug|x64.Deploy.0 = Debug|x64
		{CFF82167-05F8-47B1-ABE4-5399EFF687F5}.Debug|x86.ActiveCfg = Debug|x86
		{CFF82167-05F8-47B1-ABE4-5399EFF687F5}.Debug|x86.Build.0 = Debug|x86
		{CFF82167-05F8-47B1-ABE4-5399EFF687F5}.Debug|x86.Deploy.0 = Debug|x86
		{CFF82167-05F8-47B1-ABE4-5399EFF687F5}.Release|Any CPU.ActiveCfg = Release|x86
		{CFF82167-05F8-47B1-ABE4-5399EFF687F5}.Release|ARM.ActiveCfg = Release|ARM
		{CFF82167-05F8-47B1-ABE4-5399EFF687F5}.Release|ARM.Build.0 = Release|ARM
		{CFF82167-05F8-47B1-ABE4-5399EFF687F5}.Release|ARM.Deploy.0 = Release|ARM
		{CFF82167-05F8-47B1-ABE4-5399EFF687F5}.Release|x64.ActiveCfg = Release|x64
		{CFF82167-05F8-47B1-ABE4-5399EFF687F5}.Release|x64.Build.0 = Release|x64
		{CFF82167-05F8-47B1-ABE4-5399EFF687F5}.Release|x64.Deploy.0 = Release|x64
		{CFF82167-05F8-47B1-ABE4-5399EFF687F5}.Release|x86.ActiveCfg = Release|x86
		{CFF82167-05F8-47B1-ABE4-5399EFF687F5}.Release|x86.Build.0 = Release|x86
		{CFF82167-05F8-47B1-ABE4-5399EFF687F5}.Release|x86.Deploy.0 = Release|x86
		{3D429E04-755D-45D9-946E-653CF48A4D4F}.Debug|Any CPU.ActiveCfg = Debug|x86
		{3D429E04-755D-45D9-946E-653CF48A4D4F}.Debug|ARM.ActiveCfg = Debug|ARM
		{3D429E04-755D-45D9-946E-653CF48A4D4F}.Debug|ARM.Build.0 = Debug|ARM
		{3D429E04-755D-45D9-946E-653CF48A4D4F}.Debug|ARM.Deploy.0 = Debug|ARM
		{3D429E04-755D-45D9-946E-653CF48A4D4F}.Debug|x64.ActiveCfg = Debug|x64
		{3D429E04-755D-45D9-946E-653CF48A4D4F}.Debug|x64.Build.0 = Debug|x64
		{3D429E04-755D-45D9-946E-653CF48A4D4F}.Debug|x64.Deploy.0 = Debug|x64
		{3D429E04-755D-45D9-946E-653CF48A4D4F}.Debug|x86.ActiveCfg = Debug|x86
		{3D429E04-755D-45D9-946E-653CF48A4D4F}.Debug|x86.Build.0 = Debug|x86
		{3D429E04-755D-45D9-946E-653CF48A4D4F}.Debug|x86.Deploy.0 = Debug|x86
		{3D429E04-755D-45D9-946E-653CF48A4D4F}.Release|Any CPU.ActiveCfg = Release|x86
		{3D429E04-755D-45D9-946E-653CF48A4D4F}.Release|ARM.ActiveCfg = Release|ARM
		{3D429E04-755D-45D9-946E-653CF48A4D4F}.Release|ARM.Build.0 = Release|ARM
		{3D429E04-755D-45D9-946E-653CF48A4D4F}.Release|ARM.Deploy.0 = Release|ARM
		{3D429E04-755D-45D9-946E-653CF48A4D4F}.Release|x64.ActiveCfg = Release|x64
		{3D429E04-755D-45D9-946E-653CF48A4D4F}.Release|x64.Build.0 = Release|x64
		{3D429E04-755D-45D9-946E-653CF48A4D4F}.Release|x64.Deploy.0 = Release|x64
		{3D429E04-755D-45D9-946E-653CF48A4D4F}.Release|x86.ActiveCfg = Release|x86
		{3D429E04-755D-45D9-946E-653CF48A4D4F}.Release|x86.Build.0 = Release|x86
		{3D429E04-755D-45D9-946E-653CF48A4D4F}.Release|x86.Deploy.0 = Release|x86
		{69670883-2888-4A80-ADDB-6EDAFEC25116}.Debug|Any CPU.ActiveCfg = Debug|Any CPU
		{69670883-2888-4A80-ADDB-6EDAFEC25116}.Debug|Any CPU.Build.0 = Debug|Any CPU
		{69670883-2888-4A80-ADDB-6EDAFEC25116}.Debug|ARM.ActiveCfg = Debug|Any CPU
		{69670883-2888-4A80-ADDB-6EDAFEC25116}.Debug|ARM.Build.0 = Debug|Any CPU
		{69670883-2888-4A80-ADDB-6EDAFEC25116}.Debug|x64.ActiveCfg = Debug|Any CPU
		{69670883-2888-4A80-ADDB-6EDAFEC25116}.Debug|x64.Build.0 = Debug|Any CPU
		{69670883-2888-4A80-ADDB-6EDAFEC25116}.Debug|x86.ActiveCfg = Debug|Any CPU
		{69670883-2888-4A80-ADDB-6EDAFEC25116}.Debug|x86.Build.0 = Debug|Any CPU
		{69670883-2888-4A80-ADDB-6EDAFEC25116}.Release|Any CPU.ActiveCfg = Release|Any CPU
		{69670883-2888-4A80-ADDB-6EDAFEC25116}.Release|Any CPU.Build.0 = Release|Any CPU
		{69670883-2888-4A80-ADDB-6EDAFEC25116}.Release|ARM.ActiveCfg = Release|Any CPU
		{69670883-2888-4A80-ADDB-6EDAFEC25116}.Release|ARM.Build.0 = Release|Any CPU
		{69670883-2888-4A80-ADDB-6EDAFEC25116}.Release|x64.ActiveCfg = Release|Any CPU
		{69670883-2888-4A80-ADDB-6EDAFEC25116}.Release|x64.Build.0 = Release|Any CPU
		{69670883-2888-4A80-ADDB-6EDAFEC25116}.Release|x86.ActiveCfg = Release|Any CPU
		{69670883-2888-4A80-ADDB-6EDAFEC25116}.Release|x86.Build.0 = Release|Any CPU
		{0399E849-C598-4F40-A1C8-B09CEC753668}.Debug|Any CPU.ActiveCfg = Debug|Any CPU
		{0399E849-C598-4F40-A1C8-B09CEC753668}.Debug|Any CPU.Build.0 = Debug|Any CPU
		{0399E849-C598-4F40-A1C8-B09CEC753668}.Debug|ARM.ActiveCfg = Debug|Any CPU
		{0399E849-C598-4F40-A1C8-B09CEC753668}.Debug|ARM.Build.0 = Debug|Any CPU
		{0399E849-C598-4F40-A1C8-B09CEC753668}.Debug|x64.ActiveCfg = Debug|Any CPU
		{0399E849-C598-4F40-A1C8-B09CEC753668}.Debug|x64.Build.0 = Debug|Any CPU
		{0399E849-C598-4F40-A1C8-B09CEC753668}.Debug|x86.ActiveCfg = Debug|Any CPU
		{0399E849-C598-4F40-A1C8-B09CEC753668}.Debug|x86.Build.0 = Debug|Any CPU
		{0399E849-C598-4F40-A1C8-B09CEC753668}.Release|Any CPU.ActiveCfg = Release|Any CPU
		{0399E849-C598-4F40-A1C8-B09CEC753668}.Release|Any CPU.Build.0 = Release|Any CPU
		{0399E849-C598-4F40-A1C8-B09CEC753668}.Release|ARM.ActiveCfg = Release|Any CPU
		{0399E849-C598-4F40-A1C8-B09CEC753668}.Release|ARM.Build.0 = Release|Any CPU
		{0399E849-C598-4F40-A1C8-B09CEC753668}.Release|x64.ActiveCfg = Release|Any CPU
		{0399E849-C598-4F40-A1C8-B09CEC753668}.Release|x64.Build.0 = Release|Any CPU
		{0399E849-C598-4F40-A1C8-B09CEC753668}.Release|x86.ActiveCfg = Release|Any CPU
		{0399E849-C598-4F40-A1C8-B09CEC753668}.Release|x86.Build.0 = Release|Any CPU
		{C7990B4C-9FAA-4F93-94E2-5EF292E96266}.Debug|Any CPU.ActiveCfg = Debug|Any CPU
		{C7990B4C-9FAA-4F93-94E2-5EF292E96266}.Debug|Any CPU.Build.0 = Debug|Any CPU
		{C7990B4C-9FAA-4F93-94E2-5EF292E96266}.Debug|ARM.ActiveCfg = Debug|Any CPU
		{C7990B4C-9FAA-4F93-94E2-5EF292E96266}.Debug|ARM.Build.0 = Debug|Any CPU
		{C7990B4C-9FAA-4F93-94E2-5EF292E96266}.Debug|x64.ActiveCfg = Debug|Any CPU
		{C7990B4C-9FAA-4F93-94E2-5EF292E96266}.Debug|x64.Build.0 = Debug|Any CPU
		{C7990B4C-9FAA-4F93-94E2-5EF292E96266}.Debug|x86.ActiveCfg = Debug|Any CPU
		{C7990B4C-9FAA-4F93-94E2-5EF292E96266}.Debug|x86.Build.0 = Debug|Any CPU
		{C7990B4C-9FAA-4F93-94E2-5EF292E96266}.Release|Any CPU.ActiveCfg = Release|Any CPU
		{C7990B4C-9FAA-4F93-94E2-5EF292E96266}.Release|Any CPU.Build.0 = Release|Any CPU
		{C7990B4C-9FAA-4F93-94E2-5EF292E96266}.Release|ARM.ActiveCfg = Release|Any CPU
		{C7990B4C-9FAA-4F93-94E2-5EF292E96266}.Release|ARM.Build.0 = Release|Any CPU
		{C7990B4C-9FAA-4F93-94E2-5EF292E96266}.Release|x64.ActiveCfg = Release|Any CPU
		{C7990B4C-9FAA-4F93-94E2-5EF292E96266}.Release|x64.Build.0 = Release|Any CPU
		{C7990B4C-9FAA-4F93-94E2-5EF292E96266}.Release|x86.ActiveCfg = Release|Any CPU
		{C7990B4C-9FAA-4F93-94E2-5EF292E96266}.Release|x86.Build.0 = Release|Any CPU
	EndGlobalSection
	GlobalSection(SolutionProperties) = preSolution
		HideSolutionNode = FALSE
	EndGlobalSection
EndGlobal
