
Microsoft Visual Studio Solution File, Format Version 12.00
# Visual Studio 15
VisualStudioVersion = 15.0.26730.16
MinimumVisualStudioVersion = 10.0.40219.1
Project("{FAE04EC0-301F-11D3-BF4B-00C04F79EFBC}") = "ShoppingCart", "ShoppingCart\ShoppingCart.csproj", "{336AFA05-498C-4949-894B-FDC6D99E5C8D}"
EndProject
Global
	GlobalSection(SolutionConfigurationPlatforms) = preSolution
		Debug|Any CPU = Debug|Any CPU
		Release|Any CPU = Release|Any CPU
	EndGlobalSection
	GlobalSection(ProjectConfigurationPlatforms) = postSolution
		{336AFA05-498C-4949-894B-FDC6D99E5C8D}.Debug|Any CPU.ActiveCfg = Debug|Any CPU
		{336AFA05-498C-4949-894B-FDC6D99E5C8D}.Debug|Any CPU.Build.0 = Debug|Any CPU
		{336AFA05-498C-4949-894B-FDC6D99E5C8D}.Release|Any CPU.ActiveCfg = Release|Any CPU
		{336AFA05-498C-4949-894B-FDC6D99E5C8D}.Release|Any CPU.Build.0 = Release|Any CPU
	EndGlobalSection
	GlobalSection(SolutionProperties) = preSolution
		HideSolutionNode = FALSE
	EndGlobalSection
	GlobalSection(ExtensibilityGlobals) = postSolution
		SolutionGuid = {538BC90C-09A1-4AE6-9556-2B0114568833}
	EndGlobalSection
EndGlobal
